// !$*UTF8*$!
{
	archiveVersion = 1;
	classes = {
	};
	objectVersion = 46;
	objects = {

/* Begin PBXBuildFile section */
		7D0168141BEAF3C600CA19FC /* JFClockViewController.m in Sources */ = {isa = PBXBuildFile; fileRef = 7D0168121BEAF3C600CA19FC /* JFClockViewController.m */; settings = {ASSET_TAGS = (); }; };
		7D0168151BEAF3C600CA19FC /* JFClockViewController.xib in Resources */ = {isa = PBXBuildFile; fileRef = 7D0168131BEAF3C600CA19FC /* JFClockViewController.xib */; settings = {ASSET_TAGS = (); }; };
		7D01681E1BEAF41A00CA19FC /* ClockFace.png in Resources */ = {isa = PBXBuildFile; fileRef = 7D0168161BEAF41A00CA19FC /* ClockFace.png */; settings = {ASSET_TAGS = (); }; };
		7D01681F1BEAF41A00CA19FC /* ClockFace@2x.png in Resources */ = {isa = PBXBuildFile; fileRef = 7D0168171BEAF41A00CA19FC /* ClockFace@2x.png */; settings = {ASSET_TAGS = (); }; };
		7D0168201BEAF41A00CA19FC /* HourHand.png in Resources */ = {isa = PBXBuildFile; fileRef = 7D0168181BEAF41A00CA19FC /* HourHand.png */; settings = {ASSET_TAGS = (); }; };
		7D0168211BEAF41A00CA19FC /* HourHand@2x.png in Resources */ = {isa = PBXBuildFile; fileRef = 7D0168191BEAF41A00CA19FC /* HourHand@2x.png */; settings = {ASSET_TAGS = (); }; };
		7D0168221BEAF41A00CA19FC /* MinuteHand.png in Resources */ = {isa = PBXBuildFile; fileRef = 7D01681A1BEAF41A00CA19FC /* MinuteHand.png */; settings = {ASSET_TAGS = (); }; };
		7D0168231BEAF41A00CA19FC /* MinuteHand@2x.png in Resources */ = {isa = PBXBuildFile; fileRef = 7D01681B1BEAF41A00CA19FC /* MinuteHand@2x.png */; settings = {ASSET_TAGS = (); }; };
		7D0168241BEAF41A00CA19FC /* SecondHand.png in Resources */ = {isa = PBXBuildFile; fileRef = 7D01681C1BEAF41A00CA19FC /* SecondHand.png */; settings = {ASSET_TAGS = (); }; };
		7D0168251BEAF41A00CA19FC /* SecondHand@2x.png in Resources */ = {isa = PBXBuildFile; fileRef = 7D01681D1BEAF41A00CA19FC /* SecondHand@2x.png */; settings = {ASSET_TAGS = (); }; };
		7D0168291BEB1E7200CA19FC /* JFFlowViewController.m in Sources */ = {isa = PBXBuildFile; fileRef = 7D0168271BEB1E7200CA19FC /* JFFlowViewController.m */; settings = {ASSET_TAGS = (); }; };
		7D01682A1BEB1E7200CA19FC /* JFFlowViewController.xib in Resources */ = {isa = PBXBuildFile; fileRef = 7D0168281BEB1E7200CA19FC /* JFFlowViewController.xib */; settings = {ASSET_TAGS = (); }; };
		7D01682E1BEB2AD500CA19FC /* JFSpreadAnimationViewController.m in Sources */ = {isa = PBXBuildFile; fileRef = 7D01682C1BEB2AD500CA19FC /* JFSpreadAnimationViewController.m */; settings = {ASSET_TAGS = (); }; };
		7D01682F1BEB2AD500CA19FC /* JFSpreadAnimationViewController.xib in Resources */ = {isa = PBXBuildFile; fileRef = 7D01682D1BEB2AD500CA19FC /* JFSpreadAnimationViewController.xib */; settings = {ASSET_TAGS = (); }; };
		7D0168311BEB2B8400CA19FC /* snow.jpg in Resources */ = {isa = PBXBuildFile; fileRef = 7D0168301BEB2B8400CA19FC /* snow.jpg */; settings = {ASSET_TAGS = (); }; };
		7D0168331BEB2C0800CA19FC /* Spark.png in Resources */ = {isa = PBXBuildFile; fileRef = 7D0168321BEB2C0800CA19FC /* Spark.png */; settings = {ASSET_TAGS = (); }; };
		7D0168351BEB2E9D00CA19FC /* fire.jpg in Resources */ = {isa = PBXBuildFile; fileRef = 7D0168341BEB2E9D00CA19FC /* fire.jpg */; settings = {ASSET_TAGS = (); }; };
		7DDAA5D01BE1039C005EBC50 /* contanctGoNext@2x.png in Resources */ = {isa = PBXBuildFile; fileRef = 7DDAA5CF1BE1039C005EBC50 /* contanctGoNext@2x.png */; settings = {ASSET_TAGS = (); }; };
		7DDC3BEA1BEA4957001C5455 /* JFHomeViewController.m in Sources */ = {isa = PBXBuildFile; fileRef = 7DDC3BE81BEA4957001C5455 /* JFHomeViewController.m */; settings = {ASSET_TAGS = (); }; };
		7DDC3BEB1BEA4957001C5455 /* JFHomeViewController.xib in Resources */ = {isa = PBXBuildFile; fileRef = 7DDC3BE91BEA4957001C5455 /* JFHomeViewController.xib */; settings = {ASSET_TAGS = (); }; };
		7DDC3BF41BEA4B6A001C5455 /* JFSeniorViewController.m in Sources */ = {isa = PBXBuildFile; fileRef = 7DDC3BF21BEA4B6A001C5455 /* JFSeniorViewController.m */; settings = {ASSET_TAGS = (); }; };
		7DDC3BF51BEA4B6A001C5455 /* JFSeniorViewController.xib in Resources */ = {isa = PBXBuildFile; fileRef = 7DDC3BF31BEA4B6A001C5455 /* JFSeniorViewController.xib */; settings = {ASSET_TAGS = (); }; };
		7DDC3BFE1BEAE50F001C5455 /* basketball.jpg in Resources */ = {isa = PBXBuildFile; fileRef = 7DDC3BFD1BEAE50F001C5455 /* basketball.jpg */; settings = {ASSET_TAGS = (); }; };
		7DDC3C021BEAE619001C5455 /* JFBufferBasketballViewController.m in Sources */ = {isa = PBXBuildFile; fileRef = 7DDC3C001BEAE619001C5455 /* JFBufferBasketballViewController.m */; settings = {ASSET_TAGS = (); }; };
		7DDC3C031BEAE619001C5455 /* JFBufferBasketballViewController.xib in Resources */ = {isa = PBXBuildFile; fileRef = 7DDC3C011BEAE619001C5455 /* JFBufferBasketballViewController.xib */; settings = {ASSET_TAGS = (); }; };
		7DDC3C071BEAE843001C5455 /* JFBufferBasketBall2ViewController.m in Sources */ = {isa = PBXBuildFile; fileRef = 7DDC3C051BEAE843001C5455 /* JFBufferBasketBall2ViewController.m */; settings = {ASSET_TAGS = (); }; };
		7DDC3C081BEAE843001C5455 /* JFBufferBasketBall2ViewController.xib in Resources */ = {isa = PBXBuildFile; fileRef = 7DDC3C061BEAE843001C5455 /* JFBufferBasketBall2ViewController.xib */; settings = {ASSET_TAGS = (); }; };
		7DDCF8291BDFA4960071392A /* JFRootViewController.m in Sources */ = {isa = PBXBuildFile; fileRef = 7DDCF8271BDFA4960071392A /* JFRootViewController.m */; settings = {ASSET_TAGS = (); }; };
		7DDCF82A1BDFA4960071392A /* JFRootViewController.xib in Resources */ = {isa = PBXBuildFile; fileRef = 7DDCF8281BDFA4960071392A /* JFRootViewController.xib */; settings = {ASSET_TAGS = (); }; };
		7DDCF82E1BDFA5710071392A /* JFAnimationListCell.m in Sources */ = {isa = PBXBuildFile; fileRef = 7DDCF82C1BDFA5710071392A /* JFAnimationListCell.m */; settings = {ASSET_TAGS = (); }; };
		7DDCF82F1BDFA5710071392A /* JFAnimationListCell.xib in Resources */ = {isa = PBXBuildFile; fileRef = 7DDCF82D1BDFA5710071392A /* JFAnimationListCell.xib */; settings = {ASSET_TAGS = (); }; };
		7DDCF8331BDFACFA0071392A /* CABasicAnimationViewController.m in Sources */ = {isa = PBXBuildFile; fileRef = 7DDCF8321BDFACFA0071392A /* CABasicAnimationViewController.m */; settings = {ASSET_TAGS = (); }; };
		7DDCF8371BDFC18D0071392A /* CAKeyframeAnimationViewController.m in Sources */ = {isa = PBXBuildFile; fileRef = 7DDCF8351BDFC18D0071392A /* CAKeyframeAnimationViewController.m */; settings = {ASSET_TAGS = (); }; };
		7DDCF8381BDFC18D0071392A /* CAKeyframeAnimationViewController.xib in Resources */ = {isa = PBXBuildFile; fileRef = 7DDCF8361BDFC18D0071392A /* CAKeyframeAnimationViewController.xib */; settings = {ASSET_TAGS = (); }; };
		7DDD1ACD1BE0530000E1E32B /* bird.png in Resources */ = {isa = PBXBuildFile; fileRef = 7DDD1ACC1BE0530000E1E32B /* bird.png */; settings = {ASSET_TAGS = (); }; };
		7DDD1AD41BE08E6900E1E32B /* CATransitionViewController.m in Sources */ = {isa = PBXBuildFile; fileRef = 7DDD1AD21BE08E6900E1E32B /* CATransitionViewController.m */; settings = {ASSET_TAGS = (); }; };
		7DDD1AD51BE08E6900E1E32B /* CATransitionViewController.xib in Resources */ = {isa = PBXBuildFile; fileRef = 7DDD1AD31BE08E6900E1E32B /* CATransitionViewController.xib */; settings = {ASSET_TAGS = (); }; };
		7DDD1AE11BE091C200E1E32B /* 1.png in Resources */ = {isa = PBXBuildFile; fileRef = 7DDD1AD71BE091C200E1E32B /* 1.png */; settings = {ASSET_TAGS = (); }; };
		7DDD1AE21BE091C200E1E32B /* 10.png in Resources */ = {isa = PBXBuildFile; fileRef = 7DDD1AD81BE091C200E1E32B /* 10.png */; settings = {ASSET_TAGS = (); }; };
		7DDD1AE31BE091C200E1E32B /* 2.png in Resources */ = {isa = PBXBuildFile; fileRef = 7DDD1AD91BE091C200E1E32B /* 2.png */; settings = {ASSET_TAGS = (); }; };
		7DDD1AE41BE091C200E1E32B /* 3.png in Resources */ = {isa = PBXBuildFile; fileRef = 7DDD1ADA1BE091C200E1E32B /* 3.png */; settings = {ASSET_TAGS = (); }; };
		7DDD1AE51BE091C200E1E32B /* 4.png in Resources */ = {isa = PBXBuildFile; fileRef = 7DDD1ADB1BE091C200E1E32B /* 4.png */; settings = {ASSET_TAGS = (); }; };
		7DDD1AE61BE091C200E1E32B /* 5.png in Resources */ = {isa = PBXBuildFile; fileRef = 7DDD1ADC1BE091C200E1E32B /* 5.png */; settings = {ASSET_TAGS = (); }; };
		7DDD1AE71BE091C200E1E32B /* 6.png in Resources */ = {isa = PBXBuildFile; fileRef = 7DDD1ADD1BE091C200E1E32B /* 6.png */; settings = {ASSET_TAGS = (); }; };
		7DDD1AE81BE091C200E1E32B /* 7.png in Resources */ = {isa = PBXBuildFile; fileRef = 7DDD1ADE1BE091C200E1E32B /* 7.png */; settings = {ASSET_TAGS = (); }; };
		7DDD1AE91BE091C200E1E32B /* 8.png in Resources */ = {isa = PBXBuildFile; fileRef = 7DDD1ADF1BE091C200E1E32B /* 8.png */; settings = {ASSET_TAGS = (); }; };
		7DDD1AEA1BE091C200E1E32B /* 9.png in Resources */ = {isa = PBXBuildFile; fileRef = 7DDD1AE01BE091C200E1E32B /* 9.png */; settings = {ASSET_TAGS = (); }; };
		7DDD1AEE1BE0966D00E1E32B /* CAAnimationGroupViewController.m in Sources */ = {isa = PBXBuildFile; fileRef = 7DDD1AEC1BE0966D00E1E32B /* CAAnimationGroupViewController.m */; settings = {ASSET_TAGS = (); }; };
		7DDD1AEF1BE0966D00E1E32B /* CAAnimationGroupViewController.xib in Resources */ = {isa = PBXBuildFile; fileRef = 7DDD1AED1BE0966D00E1E32B /* CAAnimationGroupViewController.xib */; settings = {ASSET_TAGS = (); }; };
		7DDD1AF11BE0992C00E1E32B /* greatApes.png in Resources */ = {isa = PBXBuildFile; fileRef = 7DDD1AF01BE0992C00E1E32B /* greatApes.png */; settings = {ASSET_TAGS = (); }; };
		7DDE91CE1BE26088005A2910 /* JFViewAnimationViewController.m in Sources */ = {isa = PBXBuildFile; fileRef = 7DDE91CC1BE26088005A2910 /* JFViewAnimationViewController.m */; settings = {ASSET_TAGS = (); }; };
		7DDE91CF1BE26088005A2910 /* JFViewAnimationViewController.xib in Resources */ = {isa = PBXBuildFile; fileRef = 7DDE91CD1BE26088005A2910 /* JFViewAnimationViewController.xib */; settings = {ASSET_TAGS = (); }; };
		7DDF3B0B1BDF61A900C31D33 /* main.m in Sources */ = {isa = PBXBuildFile; fileRef = 7DDF3B0A1BDF61A900C31D33 /* main.m */; };
		7DDF3B0E1BDF61A900C31D33 /* AppDelegate.m in Sources */ = {isa = PBXBuildFile; fileRef = 7DDF3B0D1BDF61A900C31D33 /* AppDelegate.m */; };
		7DDF3B111BDF61A900C31D33 /* ViewController.m in Sources */ = {isa = PBXBuildFile; fileRef = 7DDF3B101BDF61A900C31D33 /* ViewController.m */; };
		7DDF3B141BDF61A900C31D33 /* Main.storyboard in Resources */ = {isa = PBXBuildFile; fileRef = 7DDF3B121BDF61A900C31D33 /* Main.storyboard */; };
		7DDF3B161BDF61A900C31D33 /* Assets.xcassets in Resources */ = {isa = PBXBuildFile; fileRef = 7DDF3B151BDF61A900C31D33 /* Assets.xcassets */; };
		7DDF3B191BDF61A900C31D33 /* LaunchScreen.storyboard in Resources */ = {isa = PBXBuildFile; fileRef = 7DDF3B171BDF61A900C31D33 /* LaunchScreen.storyboard */; };
		7DE294371BE7202A008570AE /* JFAllBasicViewController.m in Sources */ = {isa = PBXBuildFile; fileRef = 7DE294351BE7202A008570AE /* JFAllBasicViewController.m */; settings = {ASSET_TAGS = (); }; };
		7DE294381BE7202A008570AE /* JFAllBasicViewController.xib in Resources */ = {isa = PBXBuildFile; fileRef = 7DE294361BE7202A008570AE /* JFAllBasicViewController.xib */; settings = {ASSET_TAGS = (); }; };
		7DE2943B1BE72777008570AE /* 01.jpg in Resources */ = {isa = PBXBuildFile; fileRef = 7DE294391BE72777008570AE /* 01.jpg */; settings = {ASSET_TAGS = (); }; };
		7DE2943C1BE72777008570AE /* 02.jpg in Resources */ = {isa = PBXBuildFile; fileRef = 7DE2943A1BE72777008570AE /* 02.jpg */; settings = {ASSET_TAGS = (); }; };
/* End PBXBuildFile section */

/* Begin PBXFileReference section */
		7D0168111BEAF3C600CA19FC /* JFClockViewController.h */ = {isa = PBXFileReference; fileEncoding = 4; lastKnownFileType = sourcecode.c.h; path = JFClockViewController.h; sourceTree = "<group>"; };
		7D0168121BEAF3C600CA19FC /* JFClockViewController.m */ = {isa = PBXFileReference; fileEncoding = 4; lastKnownFileType = sourcecode.c.objc; path = JFClockViewController.m; sourceTree = "<group>"; };
		7D0168131BEAF3C600CA19FC /* JFClockViewController.xib */ = {isa = PBXFileReference; fileEncoding = 4; lastKnownFileType = file.xib; path = JFClockViewController.xib; sourceTree = "<group>"; };
		7D0168161BEAF41A00CA19FC /* ClockFace.png */ = {isa = PBXFileReference; lastKnownFileType = image.png; path = ClockFace.png; sourceTree = "<group>"; };
		7D0168171BEAF41A00CA19FC /* ClockFace@2x.png */ = {isa = PBXFileReference; lastKnownFileType = image.png; path = "ClockFace@2x.png"; sourceTree = "<group>"; };
		7D0168181BEAF41A00CA19FC /* HourHand.png */ = {isa = PBXFileReference; lastKnownFileType = image.png; path = HourHand.png; sourceTree = "<group>"; };
		7D0168191BEAF41A00CA19FC /* HourHand@2x.png */ = {isa = PBXFileReference; lastKnownFileType = image.png; path = "HourHand@2x.png"; sourceTree = "<group>"; };
		7D01681A1BEAF41A00CA19FC /* MinuteHand.png */ = {isa = PBXFileReference; lastKnownFileType = image.png; path = MinuteHand.png; sourceTree = "<group>"; };
		7D01681B1BEAF41A00CA19FC /* MinuteHand@2x.png */ = {isa = PBXFileReference; lastKnownFileType = image.png; path = "MinuteHand@2x.png"; sourceTree = "<group>"; };
		7D01681C1BEAF41A00CA19FC /* SecondHand.png */ = {isa = PBXFileReference; lastKnownFileType = image.png; path = SecondHand.png; sourceTree = "<group>"; };
		7D01681D1BEAF41A00CA19FC /* SecondHand@2x.png */ = {isa = PBXFileReference; lastKnownFileType = image.png; path = "SecondHand@2x.png"; sourceTree = "<group>"; };
		7D0168261BEB1E7200CA19FC /* JFFlowViewController.h */ = {isa = PBXFileReference; fileEncoding = 4; lastKnownFileType = sourcecode.c.h; path = JFFlowViewController.h; sourceTree = "<group>"; };
		7D0168271BEB1E7200CA19FC /* JFFlowViewController.m */ = {isa = PBXFileReference; fileEncoding = 4; lastKnownFileType = sourcecode.c.objc; path = JFFlowViewController.m; sourceTree = "<group>"; };
		7D0168281BEB1E7200CA19FC /* JFFlowViewController.xib */ = {isa = PBXFileReference; fileEncoding = 4; lastKnownFileType = file.xib; path = JFFlowViewController.xib; sourceTree = "<group>"; };
		7D01682B1BEB2AD500CA19FC /* JFSpreadAnimationViewController.h */ = {isa = PBXFileReference; fileEncoding = 4; lastKnownFileType = sourcecode.c.h; path = JFSpreadAnimationViewController.h; sourceTree = "<group>"; };
		7D01682C1BEB2AD500CA19FC /* JFSpreadAnimationViewController.m */ = {isa = PBXFileReference; fileEncoding = 4; lastKnownFileType = sourcecode.c.objc; path = JFSpreadAnimationViewController.m; sourceTree = "<group>"; };
		7D01682D1BEB2AD500CA19FC /* JFSpreadAnimationViewController.xib */ = {isa = PBXFileReference; fileEncoding = 4; lastKnownFileType = file.xib; path = JFSpreadAnimationViewController.xib; sourceTree = "<group>"; };
		7D0168301BEB2B8400CA19FC /* snow.jpg */ = {isa = PBXFileReference; lastKnownFileType = image.jpeg; path = snow.jpg; sourceTree = "<group>"; };
		7D0168321BEB2C0800CA19FC /* Spark.png */ = {isa = PBXFileReference; lastKnownFileType = image.png; path = Spark.png; sourceTree = "<group>"; };
		7D0168341BEB2E9D00CA19FC /* fire.jpg */ = {isa = PBXFileReference; lastKnownFileType = image.jpeg; path = fire.jpg; sourceTree = "<group>"; };
		7DDAA5CF1BE1039C005EBC50 /* contanctGoNext@2x.png */ = {isa = PBXFileReference; lastKnownFileType = image.png; path = "contanctGoNext@2x.png"; sourceTree = "<group>"; };
		7DDC3BE71BEA4957001C5455 /* JFHomeViewController.h */ = {isa = PBXFileReference; fileEncoding = 4; lastKnownFileType = sourcecode.c.h; path = JFHomeViewController.h; sourceTree = "<group>"; };
		7DDC3BE81BEA4957001C5455 /* JFHomeViewController.m */ = {isa = PBXFileReference; fileEncoding = 4; lastKnownFileType = sourcecode.c.objc; path = JFHomeViewController.m; sourceTree = "<group>"; };
		7DDC3BE91BEA4957001C5455 /* JFHomeViewController.xib */ = {isa = PBXFileReference; fileEncoding = 4; lastKnownFileType = file.xib; path = JFHomeViewController.xib; sourceTree = "<group>"; };
		7DDC3BF11BEA4B6A001C5455 /* JFSeniorViewController.h */ = {isa = PBXFileReference; fileEncoding = 4; lastKnownFileType = sourcecode.c.h; path = JFSeniorViewController.h; sourceTree = "<group>"; };
		7DDC3BF21BEA4B6A001C5455 /* JFSeniorViewController.m */ = {isa = PBXFileReference; fileEncoding = 4; lastKnownFileType = sourcecode.c.objc; path = JFSeniorViewController.m; sourceTree = "<group>"; };
		7DDC3BF31BEA4B6A001C5455 /* JFSeniorViewController.xib */ = {isa = PBXFileReference; fileEncoding = 4; lastKnownFileType = file.xib; path = JFSeniorViewController.xib; sourceTree = "<group>"; };
		7DDC3BFD1BEAE50F001C5455 /* basketball.jpg */ = {isa = PBXFileReference; lastKnownFileType = image.jpeg; path = basketball.jpg; sourceTree = "<group>"; };
		7DDC3BFF1BEAE619001C5455 /* JFBufferBasketballViewController.h */ = {isa = PBXFileReference; fileEncoding = 4; lastKnownFileType = sourcecode.c.h; path = JFBufferBasketballViewController.h; sourceTree = "<group>"; };
		7DDC3C001BEAE619001C5455 /* JFBufferBasketballViewController.m */ = {isa = PBXFileReference; fileEncoding = 4; lastKnownFileType = sourcecode.c.objc; path = JFBufferBasketballViewController.m; sourceTree = "<group>"; };
		7DDC3C011BEAE619001C5455 /* JFBufferBasketballViewController.xib */ = {isa = PBXFileReference; fileEncoding = 4; lastKnownFileType = file.xib; path = JFBufferBasketballViewController.xib; sourceTree = "<group>"; };
		7DDC3C041BEAE843001C5455 /* JFBufferBasketBall2ViewController.h */ = {isa = PBXFileReference; fileEncoding = 4; lastKnownFileType = sourcecode.c.h; path = JFBufferBasketBall2ViewController.h; sourceTree = "<group>"; };
		7DDC3C051BEAE843001C5455 /* JFBufferBasketBall2ViewController.m */ = {isa = PBXFileReference; fileEncoding = 4; lastKnownFileType = sourcecode.c.objc; path = JFBufferBasketBall2ViewController.m; sourceTree = "<group>"; };
		7DDC3C061BEAE843001C5455 /* JFBufferBasketBall2ViewController.xib */ = {isa = PBXFileReference; fileEncoding = 4; lastKnownFileType = file.xib; path = JFBufferBasketBall2ViewController.xib; sourceTree = "<group>"; };
		7DDCF8261BDFA4960071392A /* JFRootViewController.h */ = {isa = PBXFileReference; fileEncoding = 4; lastKnownFileType = sourcecode.c.h; path = JFRootViewController.h; sourceTree = "<group>"; };
		7DDCF8271BDFA4960071392A /* JFRootViewController.m */ = {isa = PBXFileReference; fileEncoding = 4; lastKnownFileType = sourcecode.c.objc; path = JFRootViewController.m; sourceTree = "<group>"; };
		7DDCF8281BDFA4960071392A /* JFRootViewController.xib */ = {isa = PBXFileReference; fileEncoding = 4; lastKnownFileType = file.xib; path = JFRootViewController.xib; sourceTree = "<group>"; };
		7DDCF82B1BDFA5710071392A /* JFAnimationListCell.h */ = {isa = PBXFileReference; fileEncoding = 4; lastKnownFileType = sourcecode.c.h; path = JFAnimationListCell.h; sourceTree = "<group>"; };
		7DDCF82C1BDFA5710071392A /* JFAnimationListCell.m */ = {isa = PBXFileReference; fileEncoding = 4; lastKnownFileType = sourcecode.c.objc; path = JFAnimationListCell.m; sourceTree = "<group>"; };
		7DDCF82D1BDFA5710071392A /* JFAnimationListCell.xib */ = {isa = PBXFileReference; fileEncoding = 4; lastKnownFileType = file.xib; path = JFAnimationListCell.xib; sourceTree = "<group>"; };
		7DDCF8311BDFACFA0071392A /* CABasicAnimationViewController.h */ = {isa = PBXFileReference; fileEncoding = 4; lastKnownFileType = sourcecode.c.h; path = CABasicAnimationViewController.h; sourceTree = "<group>"; };
		7DDCF8321BDFACFA0071392A /* CABasicAnimationViewController.m */ = {isa = PBXFileReference; fileEncoding = 4; lastKnownFileType = sourcecode.c.objc; path = CABasicAnimationViewController.m; sourceTree = "<group>"; };
		7DDCF8341BDFC18D0071392A /* CAKeyframeAnimationViewController.h */ = {isa = PBXFileReference; fileEncoding = 4; lastKnownFileType = sourcecode.c.h; path = CAKeyframeAnimationViewController.h; sourceTree = "<group>"; };
		7DDCF8351BDFC18D0071392A /* CAKeyframeAnimationViewController.m */ = {isa = PBXFileReference; fileEncoding = 4; lastKnownFileType = sourcecode.c.objc; path = CAKeyframeAnimationViewController.m; sourceTree = "<group>"; };
		7DDCF8361BDFC18D0071392A /* CAKeyframeAnimationViewController.xib */ = {isa = PBXFileReference; fileEncoding = 4; lastKnownFileType = file.xib; path = CAKeyframeAnimationViewController.xib; sourceTree = "<group>"; };
		7DDD1ACC1BE0530000E1E32B /* bird.png */ = {isa = PBXFileReference; lastKnownFileType = image.png; path = bird.png; sourceTree = "<group>"; };
		7DDD1AD11BE08E6900E1E32B /* CATransitionViewController.h */ = {isa = PBXFileReference; fileEncoding = 4; lastKnownFileType = sourcecode.c.h; path = CATransitionViewController.h; sourceTree = "<group>"; };
		7DDD1AD21BE08E6900E1E32B /* CATransitionViewController.m */ = {isa = PBXFileReference; fileEncoding = 4; lastKnownFileType = sourcecode.c.objc; path = CATransitionViewController.m; sourceTree = "<group>"; };
		7DDD1AD31BE08E6900E1E32B /* CATransitionViewController.xib */ = {isa = PBXFileReference; fileEncoding = 4; lastKnownFileType = file.xib; path = CATransitionViewController.xib; sourceTree = "<group>"; };
		7DDD1AD71BE091C200E1E32B /* 1.png */ = {isa = PBXFileReference; lastKnownFileType = image.png; path = 1.png; sourceTree = "<group>"; };
		7DDD1AD81BE091C200E1E32B /* 10.png */ = {isa = PBXFileReference; lastKnownFileType = image.png; path = 10.png; sourceTree = "<group>"; };
		7DDD1AD91BE091C200E1E32B /* 2.png */ = {isa = PBXFileReference; lastKnownFileType = image.png; path = 2.png; sourceTree = "<group>"; };
		7DDD1ADA1BE091C200E1E32B /* 3.png */ = {isa = PBXFileReference; lastKnownFileType = image.png; path = 3.png; sourceTree = "<group>"; };
		7DDD1ADB1BE091C200E1E32B /* 4.png */ = {isa = PBXFileReference; lastKnownFileType = image.png; path = 4.png; sourceTree = "<group>"; };
		7DDD1ADC1BE091C200E1E32B /* 5.png */ = {isa = PBXFileReference; lastKnownFileType = image.png; path = 5.png; sourceTree = "<group>"; };
		7DDD1ADD1BE091C200E1E32B /* 6.png */ = {isa = PBXFileReference; lastKnownFileType = image.png; path = 6.png; sourceTree = "<group>"; };
		7DDD1ADE1BE091C200E1E32B /* 7.png */ = {isa = PBXFileReference; lastKnownFileType = image.png; path = 7.png; sourceTree = "<group>"; };
		7DDD1ADF1BE091C200E1E32B /* 8.png */ = {isa = PBXFileReference; lastKnownFileType = image.png; path = 8.png; sourceTree = "<group>"; };
		7DDD1AE01BE091C200E1E32B /* 9.png */ = {isa = PBXFileReference; lastKnownFileType = image.png; path = 9.png; sourceTree = "<group>"; };
		7DDD1AEB1BE0966D00E1E32B /* CAAnimationGroupViewController.h */ = {isa = PBXFileReference; fileEncoding = 4; lastKnownFileType = sourcecode.c.h; path = CAAnimationGroupViewController.h; sourceTree = "<group>"; };
		7DDD1AEC1BE0966D00E1E32B /* CAAnimationGroupViewController.m */ = {isa = PBXFileReference; fileEncoding = 4; lastKnownFileType = sourcecode.c.objc; path = CAAnimationGroupViewController.m; sourceTree = "<group>"; };
		7DDD1AED1BE0966D00E1E32B /* CAAnimationGroupViewController.xib */ = {isa = PBXFileReference; fileEncoding = 4; lastKnownFileType = file.xib; path = CAAnimationGroupViewController.xib; sourceTree = "<group>"; };
		7DDD1AF01BE0992C00E1E32B /* greatApes.png */ = {isa = PBXFileReference; lastKnownFileType = image.png; path = greatApes.png; sourceTree = "<group>"; };
		7DDE91CB1BE26088005A2910 /* JFViewAnimationViewController.h */ = {isa = PBXFileReference; fileEncoding = 4; lastKnownFileType = sourcecode.c.h; path = JFViewAnimationViewController.h; sourceTree = "<group>"; };
		7DDE91CC1BE26088005A2910 /* JFViewAnimationViewController.m */ = {isa = PBXFileReference; fileEncoding = 4; lastKnownFileType = sourcecode.c.objc; path = JFViewAnimationViewController.m; sourceTree = "<group>"; };
		7DDE91CD1BE26088005A2910 /* JFViewAnimationViewController.xib */ = {isa = PBXFileReference; fileEncoding = 4; lastKnownFileType = file.xib; path = JFViewAnimationViewController.xib; sourceTree = "<group>"; };
		7DDF3B061BDF61A900C31D33 /* JFAnimation.app */ = {isa = PBXFileReference; explicitFileType = wrapper.application; includeInIndex = 0; path = JFAnimation.app; sourceTree = BUILT_PRODUCTS_DIR; };
		7DDF3B0A1BDF61A900C31D33 /* main.m */ = {isa = PBXFileReference; lastKnownFileType = sourcecode.c.objc; path = main.m; sourceTree = "<group>"; };
		7DDF3B0C1BDF61A900C31D33 /* AppDelegate.h */ = {isa = PBXFileReference; lastKnownFileType = sourcecode.c.h; name = AppDelegate.h; path = ../../../AppDelegate.h; sourceTree = "<group>"; };
		7DDF3B0D1BDF61A900C31D33 /* AppDelegate.m */ = {isa = PBXFileReference; lastKnownFileType = sourcecode.c.objc; name = AppDelegate.m; path = ../../../AppDelegate.m; sourceTree = "<group>"; };
		7DDF3B0F1BDF61A900C31D33 /* ViewController.h */ = {isa = PBXFileReference; lastKnownFileType = sourcecode.c.h; name = ViewController.h; path = ../../ViewController.h; sourceTree = "<group>"; };
		7DDF3B101BDF61A900C31D33 /* ViewController.m */ = {isa = PBXFileReference; lastKnownFileType = sourcecode.c.objc; name = ViewController.m; path = ../../ViewController.m; sourceTree = "<group>"; };
		7DDF3B131BDF61A900C31D33 /* Base */ = {isa = PBXFileReference; lastKnownFileType = file.storyboard; name = Base; path = Base.lproj/Main.storyboard; sourceTree = "<group>"; };
		7DDF3B151BDF61A900C31D33 /* Assets.xcassets */ = {isa = PBXFileReference; lastKnownFileType = folder.assetcatalog; name = Assets.xcassets; path = ../../../Assets.xcassets; sourceTree = "<group>"; };
		7DDF3B181BDF61A900C31D33 /* Base */ = {isa = PBXFileReference; lastKnownFileType = file.storyboard; name = Base; path = Base.lproj/LaunchScreen.storyboard; sourceTree = "<group>"; };
		7DDF3B1A1BDF61A900C31D33 /* Info.plist */ = {isa = PBXFileReference; lastKnownFileType = text.plist.xml; name = Info.plist; path = ../../../Info.plist; sourceTree = "<group>"; };
		7DE294341BE7202A008570AE /* JFAllBasicViewController.h */ = {isa = PBXFileReference; fileEncoding = 4; lastKnownFileType = sourcecode.c.h; path = JFAllBasicViewController.h; sourceTree = "<group>"; };
		7DE294351BE7202A008570AE /* JFAllBasicViewController.m */ = {isa = PBXFileReference; fileEncoding = 4; lastKnownFileType = sourcecode.c.objc; path = JFAllBasicViewController.m; sourceTree = "<group>"; };
		7DE294361BE7202A008570AE /* JFAllBasicViewController.xib */ = {isa = PBXFileReference; fileEncoding = 4; lastKnownFileType = file.xib; path = JFAllBasicViewController.xib; sourceTree = "<group>"; };
		7DE294391BE72777008570AE /* 01.jpg */ = {isa = PBXFileReference; lastKnownFileType = image.jpeg; path = 01.jpg; sourceTree = "<group>"; };
		7DE2943A1BE72777008570AE /* 02.jpg */ = {isa = PBXFileReference; lastKnownFileType = image.jpeg; path = 02.jpg; sourceTree = "<group>"; };
/* End PBXFileReference section */

/* Begin PBXFrameworksBuildPhase section */
		7DDF3B031BDF61A900C31D33 /* Frameworks */ = {
			isa = PBXFrameworksBuildPhase;
			buildActionMask = 2147483647;
			files = (
			);
			runOnlyForDeploymentPostprocessing = 0;
		};
/* End PBXFrameworksBuildPhase section */

/* Begin PBXGroup section */
		7DDC3BE31BEA47D7001C5455 /* SeniorAnimationController(动画进阶) */ = {
			isa = PBXGroup;
			children = (
				7DDC3BE41BEA47D7001C5455 /* Controller */,
				7DDC3BE51BEA47D7001C5455 /* Model */,
				7DDC3BE61BEA47D7001C5455 /* View */,
			);
			name = "SeniorAnimationController(动画进阶)";
			path = SeniorAnimationController;
			sourceTree = "<group>";
		};
		7DDC3BE41BEA47D7001C5455 /* Controller */ = {
			isa = PBXGroup;
			children = (
				7DDC3BF11BEA4B6A001C5455 /* JFSeniorViewController.h */,
				7DDC3BF21BEA4B6A001C5455 /* JFSeniorViewController.m */,
				7DDC3BF31BEA4B6A001C5455 /* JFSeniorViewController.xib */,
				7DDC3BFF1BEAE619001C5455 /* JFBufferBasketballViewController.h */,
				7DDC3C001BEAE619001C5455 /* JFBufferBasketballViewController.m */,
				7DDC3C011BEAE619001C5455 /* JFBufferBasketballViewController.xib */,
				7DDC3C041BEAE843001C5455 /* JFBufferBasketBall2ViewController.h */,
				7DDC3C051BEAE843001C5455 /* JFBufferBasketBall2ViewController.m */,
				7DDC3C061BEAE843001C5455 /* JFBufferBasketBall2ViewController.xib */,
				7D0168111BEAF3C600CA19FC /* JFClockViewController.h */,
				7D0168121BEAF3C600CA19FC /* JFClockViewController.m */,
				7D0168131BEAF3C600CA19FC /* JFClockViewController.xib */,
				7D0168261BEB1E7200CA19FC /* JFFlowViewController.h */,
				7D0168271BEB1E7200CA19FC /* JFFlowViewController.m */,
				7D0168281BEB1E7200CA19FC /* JFFlowViewController.xib */,
				7D01682B1BEB2AD500CA19FC /* JFSpreadAnimationViewController.h */,
				7D01682C1BEB2AD500CA19FC /* JFSpreadAnimationViewController.m */,
				7D01682D1BEB2AD500CA19FC /* JFSpreadAnimationViewController.xib */,
			);
			path = Controller;
			sourceTree = "<group>";
		};
		7DDC3BE51BEA47D7001C5455 /* Model */ = {
			isa = PBXGroup;
			children = (
			);
			path = Model;
			sourceTree = "<group>";
		};
		7DDC3BE61BEA47D7001C5455 /* View */ = {
			isa = PBXGroup;
			children = (
			);
			path = View;
			sourceTree = "<group>";
		};
		7DDCF8301BDFACC10071392A /* AnimationController(基础动画) */ = {
			isa = PBXGroup;
			children = (
				7DDCF8311BDFACFA0071392A /* CABasicAnimationViewController.h */,
				7DDCF8321BDFACFA0071392A /* CABasicAnimationViewController.m */,
				7DDCF8341BDFC18D0071392A /* CAKeyframeAnimationViewController.h */,
				7DDCF8351BDFC18D0071392A /* CAKeyframeAnimationViewController.m */,
				7DDCF8361BDFC18D0071392A /* CAKeyframeAnimationViewController.xib */,
				7DDD1AD11BE08E6900E1E32B /* CATransitionViewController.h */,
				7DDD1AD21BE08E6900E1E32B /* CATransitionViewController.m */,
				7DDD1AD31BE08E6900E1E32B /* CATransitionViewController.xib */,
				7DDD1AEB1BE0966D00E1E32B /* CAAnimationGroupViewController.h */,
				7DDD1AEC1BE0966D00E1E32B /* CAAnimationGroupViewController.m */,
				7DDD1AED1BE0966D00E1E32B /* CAAnimationGroupViewController.xib */,
				7DDE91CB1BE26088005A2910 /* JFViewAnimationViewController.h */,
				7DDE91CC1BE26088005A2910 /* JFViewAnimationViewController.m */,
				7DDE91CD1BE26088005A2910 /* JFViewAnimationViewController.xib */,
				7DE294341BE7202A008570AE /* JFAllBasicViewController.h */,
				7DE294351BE7202A008570AE /* JFAllBasicViewController.m */,
				7DE294361BE7202A008570AE /* JFAllBasicViewController.xib */,
			);
			name = "AnimationController(基础动画)";
			path = AnimationController;
			sourceTree = "<group>";
		};
		7DDD1AD61BE091C200E1E32B /* viewImage */ = {
			isa = PBXGroup;
			children = (
				7D0168341BEB2E9D00CA19FC /* fire.jpg */,
				7D0168321BEB2C0800CA19FC /* Spark.png */,
				7D0168301BEB2B8400CA19FC /* snow.jpg */,
				7DDC3BFD1BEAE50F001C5455 /* basketball.jpg */,
				7D0168161BEAF41A00CA19FC /* ClockFace.png */,
				7D0168171BEAF41A00CA19FC /* ClockFace@2x.png */,
				7D0168181BEAF41A00CA19FC /* HourHand.png */,
				7D0168191BEAF41A00CA19FC /* HourHand@2x.png */,
				7D01681A1BEAF41A00CA19FC /* MinuteHand.png */,
				7D01681B1BEAF41A00CA19FC /* MinuteHand@2x.png */,
				7D01681C1BEAF41A00CA19FC /* SecondHand.png */,
				7D01681D1BEAF41A00CA19FC /* SecondHand@2x.png */,
				7DDD1AD71BE091C200E1E32B /* 1.png */,
				7DDD1AD81BE091C200E1E32B /* 10.png */,
				7DDD1AD91BE091C200E1E32B /* 2.png */,
				7DDD1ADA1BE091C200E1E32B /* 3.png */,
				7DDD1ADB1BE091C200E1E32B /* 4.png */,
				7DDD1ADC1BE091C200E1E32B /* 5.png */,
				7DDD1ADD1BE091C200E1E32B /* 6.png */,
				7DDD1ADE1BE091C200E1E32B /* 7.png */,
				7DDD1ADF1BE091C200E1E32B /* 8.png */,
				7DDD1AE01BE091C200E1E32B /* 9.png */,
			);
			path = viewImage;
			sourceTree = "<group>";
		};
		7DDF3AFD1BDF61A900C31D33 = {
			isa = PBXGroup;
			children = (
				7DDF3B081BDF61A900C31D33 /* JFAnimation */,
				7DDF3B071BDF61A900C31D33 /* Products */,
			);
			sourceTree = "<group>";
		};
		7DDF3B071BDF61A900C31D33 /* Products */ = {
			isa = PBXGroup;
			children = (
				7DDF3B061BDF61A900C31D33 /* JFAnimation.app */,
			);
			name = Products;
			sourceTree = "<group>";
		};
		7DDF3B081BDF61A900C31D33 /* JFAnimation */ = {
			isa = PBXGroup;
			children = (
				7DDF3B201BDF61E300C31D33 /* Class */,
				7DDF3B091BDF61A900C31D33 /* Supporting Files */,
			);
			path = JFAnimation;
			sourceTree = "<group>";
		};
		7DDF3B091BDF61A900C31D33 /* Supporting Files */ = {
			isa = PBXGroup;
			children = (
				7DDD1AD61BE091C200E1E32B /* viewImage */,
				7DDD1ACC1BE0530000E1E32B /* bird.png */,
				7DDD1AF01BE0992C00E1E32B /* greatApes.png */,
				7DDAA5CF1BE1039C005EBC50 /* contanctGoNext@2x.png */,
				7DE294391BE72777008570AE /* 01.jpg */,
				7DE2943A1BE72777008570AE /* 02.jpg */,
				7DDF3B0A1BDF61A900C31D33 /* main.m */,
			);
			name = "Supporting Files";
			sourceTree = "<group>";
		};
		7DDF3B201BDF61E300C31D33 /* Class */ = {
			isa = PBXGroup;
			children = (
				7DDC3BE31BEA47D7001C5455 /* SeniorAnimationController(动画进阶) */,
				7DDCF8301BDFACC10071392A /* AnimationController(基础动画) */,
				7DDF3B241BDF61E300C31D33 /* View */,
				7DDF3B211BDF61E300C31D33 /* Controller */,
				7DDF3B221BDF61E300C31D33 /* Model */,
				7DDF3B231BDF61E300C31D33 /* Other */,
			);
			path = Class;
			sourceTree = "<group>";
		};
		7DDF3B211BDF61E300C31D33 /* Controller */ = {
			isa = PBXGroup;
			children = (
				7DDF3B0F1BDF61A900C31D33 /* ViewController.h */,
				7DDF3B101BDF61A900C31D33 /* ViewController.m */,
				7DDCF8261BDFA4960071392A /* JFRootViewController.h */,
				7DDCF8271BDFA4960071392A /* JFRootViewController.m */,
				7DDCF8281BDFA4960071392A /* JFRootViewController.xib */,
				7DDC3BE71BEA4957001C5455 /* JFHomeViewController.h */,
				7DDC3BE81BEA4957001C5455 /* JFHomeViewController.m */,
				7DDC3BE91BEA4957001C5455 /* JFHomeViewController.xib */,
			);
			path = Controller;
			sourceTree = "<group>";
		};
		7DDF3B221BDF61E300C31D33 /* Model */ = {
			isa = PBXGroup;
			children = (
			);
			path = Model;
			sourceTree = "<group>";
		};
		7DDF3B231BDF61E300C31D33 /* Other */ = {
			isa = PBXGroup;
			children = (
				7DDF3B251BDF620A00C31D33 /* PublicClass */,
			);
			path = Other;
			sourceTree = "<group>";
		};
		7DDF3B241BDF61E300C31D33 /* View */ = {
			isa = PBXGroup;
			children = (
				7DDCF82B1BDFA5710071392A /* JFAnimationListCell.h */,
				7DDCF82C1BDFA5710071392A /* JFAnimationListCell.m */,
				7DDCF82D1BDFA5710071392A /* JFAnimationListCell.xib */,
			);
			path = View;
			sourceTree = "<group>";
		};
		7DDF3B251BDF620A00C31D33 /* PublicClass */ = {
			isa = PBXGroup;
			children = (
				7DDF3B0C1BDF61A900C31D33 /* AppDelegate.h */,
				7DDF3B0D1BDF61A900C31D33 /* AppDelegate.m */,
				7DDF3B121BDF61A900C31D33 /* Main.storyboard */,
				7DDF3B151BDF61A900C31D33 /* Assets.xcassets */,
				7DDF3B171BDF61A900C31D33 /* LaunchScreen.storyboard */,
				7DDF3B1A1BDF61A900C31D33 /* Info.plist */,
			);
			path = PublicClass;
			sourceTree = "<group>";
		};
/* End PBXGroup section */

/* Begin PBXNativeTarget section */
		7DDF3B051BDF61A900C31D33 /* JFAnimation */ = {
			isa = PBXNativeTarget;
			buildConfigurationList = 7DDF3B1D1BDF61A900C31D33 /* Build configuration list for PBXNativeTarget "JFAnimation" */;
			buildPhases = (
				7DDF3B021BDF61A900C31D33 /* Sources */,
				7DDF3B031BDF61A900C31D33 /* Frameworks */,
				7DDF3B041BDF61A900C31D33 /* Resources */,
			);
			buildRules = (
			);
			dependencies = (
			);
			name = JFAnimation;
			productName = JFAnimation;
			productReference = 7DDF3B061BDF61A900C31D33 /* JFAnimation.app */;
			productType = "com.apple.product-type.application";
		};
/* End PBXNativeTarget section */

/* Begin PBXProject section */
		7DDF3AFE1BDF61A900C31D33 /* Project object */ = {
			isa = PBXProject;
			attributes = {
				LastUpgradeCheck = 0700;
				ORGANIZATIONNAME = JF;
				TargetAttributes = {
					7DDF3B051BDF61A900C31D33 = {
						CreatedOnToolsVersion = 7.0.1;
					};
				};
			};
			buildConfigurationList = 7DDF3B011BDF61A900C31D33 /* Build configuration list for PBXProject "JFAnimation" */;
			compatibilityVersion = "Xcode 3.2";
			developmentRegion = English;
			hasScannedForEncodings = 0;
			knownRegions = (
				en,
				Base,
			);
			mainGroup = 7DDF3AFD1BDF61A900C31D33;
			productRefGroup = 7DDF3B071BDF61A900C31D33 /* Products */;
			projectDirPath = "";
			projectRoot = "";
			targets = (
				7DDF3B051BDF61A900C31D33 /* JFAnimation */,
			);
		};
/* End PBXProject section */

/* Begin PBXResourcesBuildPhase section */
		7DDF3B041BDF61A900C31D33 /* Resources */ = {
			isa = PBXResourcesBuildPhase;
			buildActionMask = 2147483647;
			files = (
				7DDD1AE31BE091C200E1E32B /* 2.png in Resources */,
				7DDD1AE21BE091C200E1E32B /* 10.png in Resources */,
				7DDC3BFE1BEAE50F001C5455 /* basketball.jpg in Resources */,
				7DDCF82A1BDFA4960071392A /* JFRootViewController.xib in Resources */,
				7D0168231BEAF41A00CA19FC /* MinuteHand@2x.png in Resources */,
				7DDC3C081BEAE843001C5455 /* JFBufferBasketBall2ViewController.xib in Resources */,
				7DE2943C1BE72777008570AE /* 02.jpg in Resources */,
				7D0168201BEAF41A00CA19FC /* HourHand.png in Resources */,
				7DDC3C031BEAE619001C5455 /* JFBufferBasketballViewController.xib in Resources */,
				7D01681F1BEAF41A00CA19FC /* ClockFace@2x.png in Resources */,
				7DDAA5D01BE1039C005EBC50 /* contanctGoNext@2x.png in Resources */,
				7DDD1AE41BE091C200E1E32B /* 3.png in Resources */,
				7D0168211BEAF41A00CA19FC /* HourHand@2x.png in Resources */,
				7DDD1AF11BE0992C00E1E32B /* greatApes.png in Resources */,
				7D0168351BEB2E9D00CA19FC /* fire.jpg in Resources */,
				7DE294381BE7202A008570AE /* JFAllBasicViewController.xib in Resources */,
				7DDF3B191BDF61A900C31D33 /* LaunchScreen.storyboard in Resources */,
				7D01682A1BEB1E7200CA19FC /* JFFlowViewController.xib in Resources */,
				7DDCF82F1BDFA5710071392A /* JFAnimationListCell.xib in Resources */,
				7DDCF8381BDFC18D0071392A /* CAKeyframeAnimationViewController.xib in Resources */,
				7DDF3B161BDF61A900C31D33 /* Assets.xcassets in Resources */,
				7DDD1AD51BE08E6900E1E32B /* CATransitionViewController.xib in Resources */,
				7DDD1AEA1BE091C200E1E32B /* 9.png in Resources */,
				7DDD1AE71BE091C200E1E32B /* 6.png in Resources */,
				7DDD1AE11BE091C200E1E32B /* 1.png in Resources */,
				7DDD1AE91BE091C200E1E32B /* 8.png in Resources */,
				7DDD1AE81BE091C200E1E32B /* 7.png in Resources */,
				7D0168311BEB2B8400CA19FC /* snow.jpg in Resources */,
				7D0168251BEAF41A00CA19FC /* SecondHand@2x.png in Resources */,
				7DDD1AEF1BE0966D00E1E32B /* CAAnimationGroupViewController.xib in Resources */,
				7DDD1ACD1BE0530000E1E32B /* bird.png in Resources */,
				7DDC3BF51BEA4B6A001C5455 /* JFSeniorViewController.xib in Resources */,
				7DDE91CF1BE26088005A2910 /* JFViewAnimationViewController.xib in Resources */,
				7DDD1AE61BE091C200E1E32B /* 5.png in Resources */,
				7DE2943B1BE72777008570AE /* 01.jpg in Resources */,
				7D01681E1BEAF41A00CA19FC /* ClockFace.png in Resources */,
				7DDF3B141BDF61A900C31D33 /* Main.storyboard in Resources */,
				7DDD1AE51BE091C200E1E32B /* 4.png in Resources */,
				7D0168241BEAF41A00CA19FC /* SecondHand.png in Resources */,
				7DDC3BEB1BEA4957001C5455 /* JFHomeViewController.xib in Resources */,
				7D01682F1BEB2AD500CA19FC /* JFSpreadAnimationViewController.xib in Resources */,
				7D0168221BEAF41A00CA19FC /* MinuteHand.png in Resources */,
				7D0168331BEB2C0800CA19FC /* Spark.png in Resources */,
				7D0168151BEAF3C600CA19FC /* JFClockViewController.xib in Resources */,
			);
			runOnlyForDeploymentPostprocessing = 0;
		};
/* End PBXResourcesBuildPhase section */

/* Begin PBXSourcesBuildPhase section */
		7DDF3B021BDF61A900C31D33 /* Sources */ = {
			isa = PBXSourcesBuildPhase;
			buildActionMask = 2147483647;
			files = (
				7DDCF8291BDFA4960071392A /* JFRootViewController.m in Sources */,
				7D0168291BEB1E7200CA19FC /* JFFlowViewController.m in Sources */,
				7DDCF82E1BDFA5710071392A /* JFAnimationListCell.m in Sources */,
				7DDC3BF41BEA4B6A001C5455 /* JFSeniorViewController.m in Sources */,
				7DDD1AEE1BE0966D00E1E32B /* CAAnimationGroupViewController.m in Sources */,
				7DDCF8371BDFC18D0071392A /* CAKeyframeAnimationViewController.m in Sources */,
				7DDF3B111BDF61A900C31D33 /* ViewController.m in Sources */,
				7DDF3B0E1BDF61A900C31D33 /* AppDelegate.m in Sources */,
				7D01682E1BEB2AD500CA19FC /* JFSpreadAnimationViewController.m in Sources */,
				7DDE91CE1BE26088005A2910 /* JFViewAnimationViewController.m in Sources */,
				7DDD1AD41BE08E6900E1E32B /* CATransitionViewController.m in Sources */,
				7DDC3C021BEAE619001C5455 /* JFBufferBasketballViewController.m in Sources */,
				7DDCF8331BDFACFA0071392A /* CABasicAnimationViewController.m in Sources */,
				7DDC3C071BEAE843001C5455 /* JFBufferBasketBall2ViewController.m in Sources */,
				7DDC3BEA1BEA4957001C5455 /* JFHomeViewController.m in Sources */,
				7D0168141BEAF3C600CA19FC /* JFClockViewController.m in Sources */,
				7DDF3B0B1BDF61A900C31D33 /* main.m in Sources */,
				7DE294371BE7202A008570AE /* JFAllBasicViewController.m in Sources */,
			);
			runOnlyForDeploymentPostprocessing = 0;
		};
/* End PBXSourcesBuildPhase section */

/* Begin PBXVariantGroup section */
		7DDF3B121BDF61A900C31D33 /* Main.storyboard */ = {
			isa = PBXVariantGroup;
			children = (
				7DDF3B131BDF61A900C31D33 /* Base */,
			);
			name = Main.storyboard;
			path = ../../..;
			sourceTree = "<group>";
		};
		7DDF3B171BDF61A900C31D33 /* LaunchScreen.storyboard */ = {
			isa = PBXVariantGroup;
			children = (
				7DDF3B181BDF61A900C31D33 /* Base */,
			);
			name = LaunchScreen.storyboard;
			path = ../../..;
			sourceTree = "<group>";
		};
/* End PBXVariantGroup section */

/* Begin XCBuildConfiguration section */
		7DDF3B1B1BDF61A900C31D33 /* Debug */ = {
			isa = XCBuildConfiguration;
			buildSettings = {
				ALWAYS_SEARCH_USER_PATHS = NO;
				CLANG_CXX_LANGUAGE_STANDARD = "gnu++0x";
				CLANG_CXX_LIBRARY = "libc++";
				CLANG_ENABLE_MODULES = YES;
				CLANG_ENABLE_OBJC_ARC = YES;
				CLANG_WARN_BOOL_CONVERSION = YES;
				CLANG_WARN_CONSTANT_CONVERSION = YES;
				CLANG_WARN_DIRECT_OBJC_ISA_USAGE = YES_ERROR;
				CLANG_WARN_EMPTY_BODY = YES;
				CLANG_WARN_ENUM_CONVERSION = YES;
				CLANG_WARN_INT_CONVERSION = YES;
				CLANG_WARN_OBJC_ROOT_CLASS = YES_ERROR;
				CLANG_WARN_UNREACHABLE_CODE = YES;
				CLANG_WARN__DUPLICATE_METHOD_MATCH = YES;
				"CODE_SIGN_IDENTITY[sdk=iphoneos*]" = "iPhone Developer";
				COPY_PHASE_STRIP = NO;
				DEBUG_INFORMATION_FORMAT = dwarf;
				ENABLE_STRICT_OBJC_MSGSEND = YES;
				ENABLE_TESTABILITY = YES;
				GCC_C_LANGUAGE_STANDARD = gnu99;
				GCC_DYNAMIC_NO_PIC = NO;
				GCC_NO_COMMON_BLOCKS = YES;
				GCC_OPTIMIZATION_LEVEL = 0;
				GCC_PREPROCESSOR_DEFINITIONS = (
					"DEBUG=1",
					"$(inherited)",
				);
				GCC_WARN_64_TO_32_BIT_CONVERSION = YES;
				GCC_WARN_ABOUT_RETURN_TYPE = YES_ERROR;
				GCC_WARN_UNDECLARED_SELECTOR = YES;
				GCC_WARN_UNINITIALIZED_AUTOS = YES_AGGRESSIVE;
				GCC_WARN_UNUSED_FUNCTION = YES;
				GCC_WARN_UNUSED_VARIABLE = YES;
				IPHONEOS_DEPLOYMENT_TARGET = 9.0;
				MTL_ENABLE_DEBUG_INFO = YES;
				ONLY_ACTIVE_ARCH = YES;
				SDKROOT = iphoneos;
			};
			name = Debug;
		};
		7DDF3B1C1BDF61A900C31D33 /* Release */ = {
			isa = XCBuildConfiguration;
			buildSettings = {
				ALWAYS_SEARCH_USER_PATHS = NO;
				CLANG_CXX_LANGUAGE_STANDARD = "gnu++0x";
				CLANG_CXX_LIBRARY = "libc++";
				CLANG_ENABLE_MODULES = YES;
				CLANG_ENABLE_OBJC_ARC = YES;
				CLANG_WARN_BOOL_CONVERSION = YES;
				CLANG_WARN_CONSTANT_CONVERSION = YES;
				CLANG_WARN_DIRECT_OBJC_ISA_USAGE = YES_ERROR;
				CLANG_WARN_EMPTY_BODY = YES;
				CLANG_WARN_ENUM_CONVERSION = YES;
				CLANG_WARN_INT_CONVERSION = YES;
				CLANG_WARN_OBJC_ROOT_CLASS = YES_ERROR;
				CLANG_WARN_UNREACHABLE_CODE = YES;
				CLANG_WARN__DUPLICATE_METHOD_MATCH = YES;
				"CODE_SIGN_IDENTITY[sdk=iphoneos*]" = "iPhone Developer";
				COPY_PHASE_STRIP = NO;
				DEBUG_INFORMATION_FORMAT = "dwarf-with-dsym";
				ENABLE_NS_ASSERTIONS = NO;
				ENABLE_STRICT_OBJC_MSGSEND = YES;
				GCC_C_LANGUAGE_STANDARD = gnu99;
				GCC_NO_COMMON_BLOCKS = YES;
				GCC_WARN_64_TO_32_BIT_CONVERSION = YES;
				GCC_WARN_ABOUT_RETURN_TYPE = YES_ERROR;
				GCC_WARN_UNDECLARED_SELECTOR = YES;
				GCC_WARN_UNINITIALIZED_AUTOS = YES_AGGRESSIVE;
				GCC_WARN_UNUSED_FUNCTION = YES;
				GCC_WARN_UNUSED_VARIABLE = YES;
				IPHONEOS_DEPLOYMENT_TARGET = 9.0;
				MTL_ENABLE_DEBUG_INFO = NO;
				SDKROOT = iphoneos;
				VALIDATE_PRODUCT = YES;
			};
			name = Release;
		};
		7DDF3B1E1BDF61A900C31D33 /* Debug */ = {
			isa = XCBuildConfiguration;
			buildSettings = {
				ASSETCATALOG_COMPILER_APPICON_NAME = AppIcon;
				INFOPLIST_FILE = JFAnimation/Info.plist;
				LD_RUNPATH_SEARCH_PATHS = "$(inherited) @executable_path/Frameworks";
				PRODUCT_BUNDLE_IDENTIFIER = JF.JFAnimation;
				PRODUCT_NAME = "$(TARGET_NAME)";
			};
			name = Debug;
		};
		7DDF3B1F1BDF61A900C31D33 /* Release */ = {
			isa = XCBuildConfiguration;
			buildSettings = {
				ASSETCATALOG_COMPILER_APPICON_NAME = AppIcon;
				INFOPLIST_FILE = JFAnimation/Info.plist;
				LD_RUNPATH_SEARCH_PATHS = "$(inherited) @executable_path/Frameworks";
				PRODUCT_BUNDLE_IDENTIFIER = JF.JFAnimation;
				PRODUCT_NAME = "$(TARGET_NAME)";
			};
			name = Release;
		};
/* End XCBuildConfiguration section */

/* Begin XCConfigurationList section */
		7DDF3B011BDF61A900C31D33 /* Build configuration list for PBXProject "JFAnimation" */ = {
			isa = XCConfigurationList;
			buildConfigurations = (
				7DDF3B1B1BDF61A900C31D33 /* Debug */,
				7DDF3B1C1BDF61A900C31D33 /* Release */,
			);
			defaultConfigurationIsVisible = 0;
			defaultConfigurationName = Release;
		};
		7DDF3B1D1BDF61A900C31D33 /* Build configuration list for PBXNativeTarget "JFAnimation" */ = {
			isa = XCConfigurationList;
			buildConfigurations = (
				7DDF3B1E1BDF61A900C31D33 /* Debug */,
				7DDF3B1F1BDF61A900C31D33 /* Release */,
			);
			defaultConfigurationIsVisible = 0;
			defaultConfigurationName = Release;
		};
/* End XCConfigurationList section */
	};
	rootObject = 7DDF3AFE1BDF61A900C31D33 /* Project object */;
}
